
Microsoft Visual Studio Solution File, Format Version 12.00
# Visual Studio Version 17
VisualStudioVersion = 17.11.35312.102
MinimumVisualStudioVersion = 10.0.40219.1
Project("{FAE04EC0-301F-11D3-BF4B-00C04F79EFBC}") = "Fall2024-Assignment2-repowell1", "Fall2024-Assignment2-repowell1\Fall2024-Assignment2-repowell1.csproj", "{3B397236-A740-438B-8AFA-EC07A0E90B49}"
EndProject
Global
	GlobalSection(SolutionConfigurationPlatforms) = preSolution
		Debug|Any CPU = Debug|Any CPU
		Release|Any CPU = Release|Any CPU
	EndGlobalSection
	GlobalSection(ProjectConfigurationPlatforms) = postSolution
		{3B397236-A740-438B-8AFA-EC07A0E90B49}.Debug|Any CPU.ActiveCfg = Debug|Any CPU
		{3B397236-A740-438B-8AFA-EC07A0E90B49}.Debug|Any CPU.Build.0 = Debug|Any CPU
		{3B397236-A740-438B-8AFA-EC07A0E90B49}.Release|Any CPU.ActiveCfg = Release|Any CPU
		{3B397236-A740-438B-8AFA-EC07A0E90B49}.Release|Any CPU.Build.0 = Release|Any CPU
	EndGlobalSection
	GlobalSection(SolutionProperties) = preSolution
		HideSolutionNode = FALSE
	EndGlobalSection
	GlobalSection(ExtensibilityGlobals) = postSolution
		SolutionGuid = {63B3E317-61FB-48A3-B554-9AC6DA3F2FA0}
	EndGlobalSection
EndGlobal
